github.com/BurntSushi/toml v0.3.1 h1:WXkYYl6Yr3qBf1K79EBnL4mak0OimBfB0XUf9Vl28OQ=
github.com/BurntSushi/toml v0.3.1/go.mod h1:xHWCNGjB5oqiDr8zfno3MHue2Ht5sIBksp03qcyfWMU=
github.com/GeertJohan/go.incremental v1.0.0/go.mod h1:6fAjUhbVuX1KcMD3c8TEgVUqmo4seqhv0i0kdATSkM0=
github.com/GeertJohan/go.rice v1.0.0/go.mod h1:eH6gbSOAUv07dQuZVnBmoDP8mgsM1rtixis4Tib9if0=
github.com/StackExchange/wmi v0.0.0-20170410192909-ea383cf3ba6e/go.mod h1:3eOhrUMpNV+6aFIbp5/iudMxNCF27Vw2OZgy4xEx0Fg=
github.com/akavel/rsrc v0.8.0/go.mod h1:uLoCtb9J+EyAqh+26kdrTgmzRBFPGOolLWKpdxkKq+c=
github.com/alecthomas/assert v0.0.0-20170929043011-405dbfeb8e38/go.mod h1:r7bzyVFMNntcxPZXK3/+KdruV1H5KSlyVY0gc+NgInI=
github.com/alecthomas/chroma v0.7.0 h1:z+0HgTUmkpRDRz0SRSdMaqOLfJV4F+N1FPDZUZIDUzw=
github.com/alecthomas/chroma v0.7.0/go.mod h1:1U/PfCsTALWWYHDnsIQkxEBM0+6LLe0v8+RSVMOwxeY=
github.com/alecthomas/colour v0.0.0-20160524082231-60882d9e2721/go.mod h1:QO9JBoKquHd+jz9nshCh40fOfO+JzsoXy8qTHF68zU0=
github.com/alecthomas/kong v0.1.17-0.20190424132513-439c674f7ae0/go.mod h1:+inYUSluD+p4L8KdviBSgzcqEjUQOfC5fQDRFuc36lI=
github.com/alecthomas/kong v0.2.1-0.20190708041108-0548c6b1afae/go.mod h1:+inYUSluD+p4L8KdviBSgzcqEjUQOfC5fQDRFuc36lI=
github.com/alecthomas/kong-hcl v0.1.8-0.20190615233001-b21fea9723c8/go.mod h1:MRgZdU3vrFd05IQ89AxUZ0aYdF39BYoNFa324SodPCA=
github.com/alecthomas/repr v0.0.0-20180818092828-117648cd9897/go.mod h1:xTS7Pm1pD1mvyM075QCDSRqH6qRLXylzS24ZTpRiSzQ=
github.com/daaku/go.zipexe v1.0.0/go.mod h1:z8IiR6TsVLEYKwXAoE/I+8ys/sDkgTzSL0CLnGVd57E=
github.com/danwakefield/fnmatch v0.0.0-20160403171240-cbb64ac3d964 h1:y5HC9v93H5EPKqaS1UYVg1uYah5Xf51mBfIoWehClUQ=
github.com/danwakefield/fnmatch v0.0.0-20160403171240-cbb64ac3d964/go.mod h1:Xd9hchkHSWYkEqJwUGisez3G1QY8Ryz0sdWrLPMGjLk=
github.com/davecgh/go-spew v1.1.0/go.mod h1:J7Y8YcW2NihsgmVo/mv3lAwl/skON4iLHjSsI+c5H38=
github.com/davecgh/go-spew v1.1.1/go.mod h1:J7Y8YcW2NihsgmVo/mv3lAwl/skON4iLHjSsI+c5H38=
github.com/dlclark/regexp2 v1.1.6 h1:CqB4MjHw0MFCDj+PHHjiESmHX+N7t0tJzKvC6M97BRg=
github.com/dlclark/regexp2 v1.1.6/go.mod h1:2pZnwuY/m+8K6iRw6wQdMtk+rH5tNGR1i55kozfMjCc=
github.com/docsbox/go-libreofficekit v0.0.0-20180124082231-2bac0eacb65b h1:71zovEjNJkoU22aOnx4kbPKwsZHWgr88A1NQ9urrfmY=
github.com/docsbox/go-libreofficekit v0.0.0-20180124082231-2bac0eacb65b/go.mod h1:d8P1rGAvxdBzCTDJ+E/QtfcOMqKfQh6qx9qxTZuSIac=
github.com/eknkc/amber v0.0.0-20171010120322-cdade1c07385/go.mod h1:0vRUJqYpeSZifjYj7uP3BG/gKcuzL9xWVV/Y+cK33KM=
github.com/go-chi/chi v4.0.2+incompatible h1:maB6vn6FqCxrpz4FqWdh4+lwpyZIQS7YEAUcHlgXVRs=
github.com/go-chi/chi v4.0.2+incompatible/go.mod h1:eB3wogJHnLi3x/kFX2A+IbTBlXxmMeXJVKy9tTv1XzQ=
github.com/go-ole/go-ole v1.2.1/go.mod h1:7FAglXiTm7HKlQRDeOQ6ZNUHidzCWXuZWq/1dTyBNF8=
github.com/golang/freetype v0.0.0-20170609003504-e2365dfdc4a0 h1:DACJavvAHhabrF08vX0COfcOBJRhZ8lUbR+ZWIs0Y5g=
github.com/golang/freetype v0.0.0-20170609003504-e2365dfdc4a0/go.mod h1:E/TSTwGwJL78qG/PmXZO1EjYhfJinVAhrmmHX6Z8B9k=
github.com/google/gops v0.3.6 h1:6akvbMlpZrEYOuoebn2kR+ZJekbZqJ28fJXTs84+8to=
github.com/google/gops v0.3.6/go.mod h1:RZ1rH95wsAGX4vMWKmqBOIWynmWisBf4QFdgT/k/xOI=
github.com/gorilla/csrf v1.6.0/go.mod h1:7tSf8kmjNYr7IWDCYhd3U8Ck34iQ/Yw5CJu7bAkHEGI=
github.com/gorilla/handlers v1.4.1/go.mod h1:Qkdc/uu4tH4g6mTK6auzZ766c4CA0Ng8+o/OAirnOIQ=
github.com/gorilla/mux v1.7.3/go.mod h1:1lud6UwP+6orDFRuTfBEV8e9/aOM/c4fVVCaMa2zaAs=
github.com/gorilla/securecookie v1.1.1/go.mod h1:ra0sb63/xPlUeL+yeDciTfxMRAA+MP+HVt/4epWDjd4=
github.com/hashicorp/hcl v1.0.0/go.mod h1:E5yfLk+7swimpb2L/Alb/PJmXilQ/rhwaUYs4T20WEQ=
github.com/jessevdk/go-flags v1.4.0/go.mod h1:4FA24M0QyGHXBuZZK/XkWh8h0e1EYbRYJSGM75WSRxI=
github.com/jinzhu/configor v1.1.1 h1:gntDP+ffGhs7aJ0u8JvjCDts2OsxsI7bnz3q+jC+hSY=
github.com/jinzhu/configor v1.1.1/go.mod h1:nX89/MOmDba7ZX7GCyU/VIaQ2Ar2aizBl2d3JLF/rDc=
github.com/kardianos/osext v0.0.0-20170510131534-ae77be60afb1 h1:PJPDf8OUfOK1bb/NeTKd4f1QXZItOX389VN3B6qC8ro=
github.com/kardianos/osext v0.0.0-20170510131534-ae77be60afb1/go.mod h1:1NbS8ALrpOvjt0rHPNLyCIeMtbizbir8U//inJ+zuB8=
github.com/keybase/go-ps v0.0.0-20161005175911-668c8856d999/go.mod h1:hY+WOq6m2FpbvyrI93sMaypsttvaIL5nhVR92dTMUcQ=
github.com/mattn/go-colorable v0.0.9/go.mod h1:9vuHe8Xs5qXnSaW/c/ABM9alt+Vo+STaOChaDxuIBZU=
github.com/mattn/go-isatty v0.0.4/go.mod h1:M+lRXTBqGeGNdLjl/ufCoiOlB5xdOkqRJdNxMWT7Zi4=
github.com/mitchellh/mapstructure v1.1.2/go.mod h1:FVVH3fgwuzCH5S8UJGiWEs2h04kUh9fWfEaFds41c1Y=
github.com/nkovacs/streamquote v0.0.0-20170412213628-49af9bddb229/go.mod h1:0aYXnNPJ8l7uZxf45rWW1a/uME32OF0rhiYGNQ2oF2E=
github.com/pkg/errors v0.8.0/go.mod h1:bwawxfHBFNV+L2hUp1rHADufV3IMtnDRdf1r5NINEl0=
github.com/pkg/errors v0.8.1/go.mod h1:bwawxfHBFNV+L2hUp1rHADufV3IMtnDRdf1r5NINEl0=
github.com/pmezard/go-difflib v1.0.0/go.mod h1:iKH77koFhYxTK1pcRnkKkqfTogsbg7gZNVY4sRDYZ/4=
github.com/sergi/go-diff v1.0.0/go.mod h1:0CfEIISq7TuYL3j771MWULgwwjU+GofnZX9QAmXWZgo=
github.com/shirou/gopsutil v0.0.0-20180427012116-c95755e4bcd7/go.mod h1:5b4v6he4MtMOwMlS0TUMTu2PcXUg8+E1lC7eC3UO/RA=
github.com/shirou/w32 v0.0.0-20160930032740-bb4de0191aa4/go.mod h1:qsXQc7+bwAM3Q1u/4XEfrquwF8Lw7D7y5cD8CuHnfIc=
github.com/stretchr/objx v0.1.0/go.mod h1:HFkY916IF+rwdDfMAkV7OtwuqBVzrE8GR6GFx+wExME=
github.com/stretchr/testify v1.2.2/go.mod h1:a8OnRcib4nhh0OaRAV+Yts87kKdq0PP7pXfy6kDkUVs=
github.com/stretchr/testify v1.3.0/go.mod h1:M5WIy9Dh21IEIfnGCwXGc5bZfKNJtfHm1UVUgZn+9EI=
github.com/unrolled/render v1.0.1 h1:VDDnQQVfBMsOsp3VaCJszSO0nkBIVEYoPWeRThk9spY=
github.com/unrolled/render v1.0.1/go.mod h1:gN9T0NhL4Bfbwu8ann7Ry/TGHYfosul+J0obPf6NBdM=
github.com/valyala/bytebufferpool v1.0.0/go.mod h1:6bBcMArwyJ5K/AmCkWv1jt77kVWyCJ6HpOuEn7z0Csc=
github.com/valyala/fasttemplate v1.0.1/go.mod h1:UQGH1tvbgY+Nz5t2n7tXsz52dQxojPUpymEIMZ47gx8=
github.com/xlab/treeprint v0.0.0-20180616005107-d6fb6747feb6/go.mod h1:ce1O1j6UtZfjr22oyGxGLbauSBp2YVXpARAosm7dHBg=
golang.org/x/crypto v0.0.0-20190308221718-c2843e01d9a2/go.mod h1:djNgcEr1/C05ACkg1iLfiJU5Ep61QUkGW8qpdssI0+w=
golang.org/x/image v0.0.0-20191009234506-e7c1f5e7dbb8 h1:hVwzHzIUGRjiF7EcUjqNxk3NCfkPxbDKRdnNE1Rpg0U=
golang.org/x/image v0.0.0-20191009234506-e7c1f5e7dbb8/go.mod h1:FeLwcggjj3mMvU+oOTbSwawSJRM1uh48EjtB4UJZlP0=
golang.org/x/net v0.0.0-20200301022130-244492dfa37a/go.mod h1:z5CRVTTTmAJ677TzLLGU+0bjPO0LkuOLi4/5GtJWs/s=
golang.org/x/sys v0.0.0-20171017063910-8dbc5d05d6ed/go.mod h1:STP8DvDyc/dI5b8T5hshtkjS+E42TnysNCUPdjciGhY=
golang.org/x/sys v0.0.0-20181128092732-4ed8d59d0b35/go.mod h1:STP8DvDyc/dI5b8T5hshtkjS+E42TnysNCUPdjciGhY=
golang.org/x/sys v0.0.0-20190215142949-d0b11bdaac8a/go.mod h1:STP8DvDyc/dI5b8T5hshtkjS+E42TnysNCUPdjciGhY=
golang.org/x/text v0.3.0/go.mod h1:NqM8EUOU14njkJ3fqMW+pc6Ldnwhi/IjpwHt7yyuwOQ=
gopkg.in/check.v1 v0.0.0-20161208181325-20d25e280405/go.mod h1:Co6ibVJAznAaIkqp8huTwlJQCZ016jof/cbN4VW5Yz0=
gopkg.in/h2non/bimg.v1 v1.0.19 h1:Li7mgBrIvCHvShB4nyCcGJ2Z2rWR/95kgI/U2+U2eYw=
gopkg.in/h2non/bimg.v1 v1.0.19/go.mod h1:PgsZL7dLwUbsGm1NYps320GxGgvQNTnecMCZqxV11So=
gopkg.in/yaml.v2 v2.2.2 h1:ZCJp+EgiOT7lHqUV2J862kp8Qj64Jo6az82+3Td9dZw=
gopkg.in/yaml.v2 v2.2.2/go.mod h1:hI93XBmqTisBFMUTm0b8Fm+jr3Dg1NNxqwp+5A1VGuI=
rsc.io/goversion v1.0.0/go.mod h1:Eih9y/uIBS3ulggl7KNJ09xGSLcuNaLgmvvqa07sgfo=
